
Microsoft Visual Studio Solution File, Format Version 12.00
Project("{FAE04EC0-301F-11D3-BF4B-00C04F79EFBC}") = "Duckov_RecipeRecordedIndicator", "Duckov_RecipeRecordedIndicator\Duckov_RecipeRecordedIndicator.csproj", "{A67B9FEA-0B60-441A-B040-87BD70F91ECF}"
EndProject
Global
	GlobalSection(SolutionConfigurationPlatforms) = preSolution
		Debug|Any CPU = Debug|Any CPU
		Release|Any CPU = Release|Any CPU
	EndGlobalSection
	GlobalSection(ProjectConfigurationPlatforms) = postSolution
		{A67B9FEA-0B60-441A-B040-87BD70F91ECF}.Debug|Any CPU.ActiveCfg = Debug|Any CPU
		{A67B9FEA-0B60-441A-B040-87BD70F91ECF}.Debug|Any CPU.Build.0 = Debug|Any CPU
		{A67B9FEA-0B60-441A-B040-87BD70F91ECF}.Release|Any CPU.ActiveCfg = Release|Any CPU
		{A67B9FEA-0B60-441A-B040-87BD70F91ECF}.Release|Any CPU.Build.0 = Release|Any CPU
	EndGlobalSection
EndGlobal
